// !$*UTF8*$!
{
	archiveVersion = 1;
	classes = {
	};
	objectVersion = 50;
	objects = {

/* Begin PBXBuildFile section */
		1FD3C5FD26393F8400B112C1 /* AppDelegate.swift in Sources */ = {isa = PBXBuildFile; fileRef = 1FD3C5FC26393F8400B112C1 /* AppDelegate.swift */; };
		1FD3C5FF26393F8400B112C1 /* SceneDelegate.swift in Sources */ = {isa = PBXBuildFile; fileRef = 1FD3C5FE26393F8400B112C1 /* SceneDelegate.swift */; };
		1FD3C60126393F8400B112C1 /* ViewController.swift in Sources */ = {isa = PBXBuildFile; fileRef = 1FD3C60026393F8400B112C1 /* ViewController.swift */; };
		1FD3C60426393F8400B112C1 /* Main.storyboard in Resources */ = {isa = PBXBuildFile; fileRef = 1FD3C60226393F8400B112C1 /* Main.storyboard */; };
		1FD3C60626393F8500B112C1 /* Assets.xcassets in Resources */ = {isa = PBXBuildFile; fileRef = 1FD3C60526393F8500B112C1 /* Assets.xcassets */; };
		1FD3C60926393F8500B112C1 /* LaunchScreen.storyboard in Resources */ = {isa = PBXBuildFile; fileRef = 1FD3C60726393F8500B112C1 /* LaunchScreen.storyboard */; };
		1FD3C617263942CC00B112C1 /* Bird.swift in Sources */ = {isa = PBXBuildFile; fileRef = 1FD3C614263942CC00B112C1 /* Bird.swift */; };
		1FD3C618263942CC00B112C1 /* Cat.swift in Sources */ = {isa = PBXBuildFile; fileRef = 1FD3C615263942CC00B112C1 /* Cat.swift */; };
		1FD3C619263942CC00B112C1 /* Animale.swift in Sources */ = {isa = PBXBuildFile; fileRef = 1FD3C616263942CC00B112C1 /* Animale.swift */; };
		1FD3C61C2639430A00B112C1 /* Dog.swift in Sources */ = {isa = PBXBuildFile; fileRef = 1FD3C61B2639430A00B112C1 /* Dog.swift */; };
		1FD3C620263948C100B112C1 /* ViewController_1.swift in Sources */ = {isa = PBXBuildFile; fileRef = 1FD3C61F263948C100B112C1 /* ViewController_1.swift */; };
		1FD3C623263958E300B112C1 /* ViewController_DetailsAnimal.swift in Sources */ = {isa = PBXBuildFile; fileRef = 1FD3C622263958E300B112C1 /* ViewController_DetailsAnimal.swift */; };
/* End PBXBuildFile section */

/* Begin PBXFileReference section */
		1FD3C5F926393F8400B112C1 /* LastLesson.app */ = {isa = PBXFileReference; explicitFileType = wrapper.application; includeInIndex = 0; path = LastLesson.app; sourceTree = BUILT_PRODUCTS_DIR; };
		1FD3C5FC26393F8400B112C1 /* AppDelegate.swift */ = {isa = PBXFileReference; lastKnownFileType = sourcecode.swift; path = AppDelegate.swift; sourceTree = "<group>"; };
		1FD3C5FE26393F8400B112C1 /* SceneDelegate.swift */ = {isa = PBXFileReference; lastKnownFileType = sourcecode.swift; path = SceneDelegate.swift; sourceTree = "<group>"; };
		1FD3C60026393F8400B112C1 /* ViewController.swift */ = {isa = PBXFileReference; lastKnownFileType = sourcecode.swift; path = ViewController.swift; sourceTree = "<group>"; };
		1FD3C60326393F8400B112C1 /* Base */ = {isa = PBXFileReference; lastKnownFileType = file.storyboard; name = Base; path = Base.lproj/Main.storyboard; sourceTree = "<group>"; };
		1FD3C60526393F8500B112C1 /* Assets.xcassets */ = {isa = PBXFileReference; lastKnownFileType = folder.assetcatalog; path = Assets.xcassets; sourceTree = "<group>"; };
		1FD3C60826393F8500B112C1 /* Base */ = {isa = PBXFileReference; lastKnownFileType = file.storyboard; name = Base; path = Base.lproj/LaunchScreen.storyboard; sourceTree = "<group>"; };
		1FD3C60A26393F8500B112C1 /* Info.plist */ = {isa = PBXFileReference; lastKnownFileType = text.plist.xml; path = Info.plist; sourceTree = "<group>"; };
		1FD3C614263942CC00B112C1 /* Bird.swift */ = {isa = PBXFileReference; fileEncoding = 4; lastKnownFileType = sourcecode.swift; path = Bird.swift; sourceTree = "<group>"; };
		1FD3C615263942CC00B112C1 /* Cat.swift */ = {isa = PBXFileReference; fileEncoding = 4; lastKnownFileType = sourcecode.swift; path = Cat.swift; sourceTree = "<group>"; };
		1FD3C616263942CC00B112C1 /* Animale.swift */ = {isa = PBXFileReference; fileEncoding = 4; lastKnownFileType = sourcecode.swift; path = Animale.swift; sourceTree = "<group>"; };
		1FD3C61B2639430A00B112C1 /* Dog.swift */ = {isa = PBXFileReference; lastKnownFileType = sourcecode.swift; path = Dog.swift; sourceTree = "<group>"; };
		1FD3C61F263948C100B112C1 /* ViewController_1.swift */ = {isa = PBXFileReference; lastKnownFileType = sourcecode.swift; path = ViewController_1.swift; sourceTree = "<group>"; };
		1FD3C622263958E300B112C1 /* ViewController_DetailsAnimal.swift */ = {isa = PBXFileReference; lastKnownFileType = sourcecode.swift; path = ViewController_DetailsAnimal.swift; sourceTree = "<group>"; };
/* End PBXFileReference section */

/* Begin PBXFrameworksBuildPhase section */
		1FD3C5F626393F8400B112C1 /* Frameworks */ = {
			isa = PBXFrameworksBuildPhase;
			buildActionMask = 2147483647;
			files = (
			);
			runOnlyForDeploymentPostprocessing = 0;
		};
/* End PBXFrameworksBuildPhase section */

/* Begin PBXGroup section */
		1FD3C5F026393F8400B112C1 = {
			isa = PBXGroup;
			children = (
				1FD3C5FB26393F8400B112C1 /* LastLesson */,
				1FD3C5FA26393F8400B112C1 /* Products */,
			);
			sourceTree = "<group>";
		};
		1FD3C5FA26393F8400B112C1 /* Products */ = {
			isa = PBXGroup;
			children = (
				1FD3C5F926393F8400B112C1 /* LastLesson.app */,
			);
			name = Products;
			sourceTree = "<group>";
		};
		1FD3C5FB26393F8400B112C1 /* LastLesson */ = {
			isa = PBXGroup;
			children = (
				1FD3C5FC26393F8400B112C1 /* AppDelegate.swift */,
				1FD3C6132639429400B112C1 /* TableView */,
				1FD3C6112639428300B112C1 /* Models */,
				1FD3C5FE26393F8400B112C1 /* SceneDelegate.swift */,
				1FD3C60026393F8400B112C1 /* ViewController.swift */,
				1FD3C60226393F8400B112C1 /* Main.storyboard */,
				1FD3C60526393F8500B112C1 /* Assets.xcassets */,
				1FD3C60726393F8500B112C1 /* LaunchScreen.storyboard */,
				1FD3C60A26393F8500B112C1 /* Info.plist */,
			);
			path = LastLesson;
			sourceTree = "<group>";
		};
		1FD3C6112639428300B112C1 /* Models */ = {
			isa = PBXGroup;
			children = (
				1FD3C616263942CC00B112C1 /* Animale.swift */,
				1FD3C614263942CC00B112C1 /* Bird.swift */,
				1FD3C615263942CC00B112C1 /* Cat.swift */,
				1FD3C61B2639430A00B112C1 /* Dog.swift */,
			);
			path = Models;
			sourceTree = "<group>";
		};
		1FD3C6132639429400B112C1 /* TableView */ = {
			isa = PBXGroup;
			children = (
				1FD3C61F263948C100B112C1 /* ViewController_1.swift */,
				1FD3C622263958E300B112C1 /* ViewController_DetailsAnimal.swift */,
			);
			path = TableView;
			sourceTree = "<group>";
		};
/* End PBXGroup section */

/* Begin PBXNativeTarget section */
		1FD3C5F826393F8400B112C1 /* LastLesson */ = {
			isa = PBXNativeTarget;
			buildConfigurationList = 1FD3C60D26393F8500B112C1 /* Build configuration list for PBXNativeTarget "LastLesson" */;
			buildPhases = (
				1FD3C5F526393F8400B112C1 /* Sources */,
				1FD3C5F626393F8400B112C1 /* Frameworks */,
				1FD3C5F726393F8400B112C1 /* Resources */,
			);
			buildRules = (
			);
			dependencies = (
			);
			name = LastLesson;
			productName = LastLesson;
			productReference = 1FD3C5F926393F8400B112C1 /* LastLesson.app */;
			productType = "com.apple.product-type.application";
		};
/* End PBXNativeTarget section */

/* Begin PBXProject section */
		1FD3C5F126393F8400B112C1 /* Project object */ = {
			isa = PBXProject;
			attributes = {
				LastSwiftUpdateCheck = 1240;
				LastUpgradeCheck = 1240;
				TargetAttributes = {
					1FD3C5F826393F8400B112C1 = {
						CreatedOnToolsVersion = 12.4;
					};
				};
			};
			buildConfigurationList = 1FD3C5F426393F8400B112C1 /* Build configuration list for PBXProject "LastLesson" */;
			compatibilityVersion = "Xcode 9.3";
			developmentRegion = en;
			hasScannedForEncodings = 0;
			knownRegions = (
				en,
				Base,
			);
			mainGroup = 1FD3C5F026393F8400B112C1;
			productRefGroup = 1FD3C5FA26393F8400B112C1 /* Products */;
			projectDirPath = "";
			projectRoot = "";
			targets = (
				1FD3C5F826393F8400B112C1 /* LastLesson */,
			);
		};
/* End PBXProject section */

/* Begin PBXResourcesBuildPhase section */
		1FD3C5F726393F8400B112C1 /* Resources */ = {
			isa = PBXResourcesBuildPhase;
			buildActionMask = 2147483647;
			files = (
				1FD3C60926393F8500B112C1 /* LaunchScreen.storyboard in Resources */,
				1FD3C60626393F8500B112C1 /* Assets.xcassets in Resources */,
				1FD3C60426393F8400B112C1 /* Main.storyboard in Resources */,
			);
			runOnlyForDeploymentPostprocessing = 0;
		};
/* End PBXResourcesBuildPhase section */

/* Begin PBXSourcesBuildPhase section */
		1FD3C5F526393F8400B112C1 /* Sources */ = {
			isa = PBXSourcesBuildPhase;
			buildActionMask = 2147483647;
			files = (
				1FD3C623263958E300B112C1 /* ViewController_DetailsAnimal.swift in Sources */,
				1FD3C620263948C100B112C1 /* ViewController_1.swift in Sources */,
				1FD3C60126393F8400B112C1 /* ViewController.swift in Sources */,
				1FD3C61C2639430A00B112C1 /* Dog.swift in Sources */,
				1FD3C619263942CC00B112C1 /* Animale.swift in Sources */,
				1FD3C5FD26393F8400B112C1 /* AppDelegate.swift in Sources */,
				1FD3C618263942CC00B112C1 /* Cat.swift in Sources */,
				1FD3C617263942CC00B112C1 /* Bird.swift in Sources */,
				1FD3C5FF26393F8400B112C1 /* SceneDelegate.swift in Sources */,
			);
			runOnlyForDeploymentPostprocessing = 0;
		};
/* End PBXSourcesBuildPhase section */

/* Begin PBXVariantGroup section */
		1FD3C60226393F8400B112C1 /* Main.storyboard */ = {
			isa = PBXVariantGroup;
			children = (
				1FD3C60326393F8400B112C1 /* Base */,
			);
			name = Main.storyboard;
			sourceTree = "<group>";
		};
		1FD3C60726393F8500B112C1 /* LaunchScreen.storyboard */ = {
			isa = PBXVariantGroup;
			children = (
				1FD3C60826393F8500B112C1 /* Base */,
			);
			name = LaunchScreen.storyboard;
			sourceTree = "<group>";
		};
/* End PBXVariantGroup section */

/* Begin XCBuildConfiguration section */
		1FD3C60B26393F8500B112C1 /* Debug */ = {
			isa = XCBuildConfiguration;
			buildSettings = {
				ALWAYS_SEARCH_USER_PATHS = NO;
				CLANG_ANALYZER_NONNULL = YES;
				CLANG_ANALYZER_NUMBER_OBJECT_CONVERSION = YES_AGGRESSIVE;
				CLANG_CXX_LANGUAGE_STANDARD = "gnu++14";
				CLANG_CXX_LIBRARY = "libc++";
				CLANG_ENABLE_MODULES = YES;
				CLANG_ENABLE_OBJC_ARC = YES;
				CLANG_ENABLE_OBJC_WEAK = YES;
				CLANG_WARN_BLOCK_CAPTURE_AUTORELEASING = YES;
				CLANG_WARN_BOOL_CONVERSION = YES;
				CLANG_WARN_COMMA = YES;
				CLANG_WARN_CONSTANT_CONVERSION = YES;
				CLANG_WARN_DEPRECATED_OBJC_IMPLEMENTATIONS = YES;
				CLANG_WARN_DIRECT_OBJC_ISA_USAGE = YES_ERROR;
				CLANG_WARN_DOCUMENTATION_COMMENTS = YES;
				CLANG_WARN_EMPTY_BODY = YES;
				CLANG_WARN_ENUM_CONVERSION = YES;
				CLANG_WARN_INFINITE_RECURSION = YES;
				CLANG_WARN_INT_CONVERSION = YES;
				CLANG_WARN_NON_LITERAL_NULL_CONVERSION = YES;
				CLANG_WARN_OBJC_IMPLICIT_RETAIN_SELF = YES;
				CLANG_WARN_OBJC_LITERAL_CONVERSION = YES;
				CLANG_WARN_OBJC_ROOT_CLASS = YES_ERROR;
				CLANG_WARN_QUOTED_INCLUDE_IN_FRAMEWORK_HEADER = YES;
				CLANG_WARN_RANGE_LOOP_ANALYSIS = YES;
				CLANG_WARN_STRICT_PROTOTYPES = YES;
				CLANG_WARN_SUSPICIOUS_MOVE = YES;
				CLANG_WARN_UNGUARDED_AVAILABILITY = YES_AGGRESSIVE;
				CLANG_WARN_UNREACHABLE_CODE = YES;
				CLANG_WARN__DUPLICATE_METHOD_MATCH = YES;
				COPY_PHASE_STRIP = NO;
				DEBUG_INFORMATION_FORMAT = dwarf;
				ENABLE_STRICT_OBJC_MSGSEND = YES;
				ENABLE_TESTABILITY = YES;
				GCC_C_LANGUAGE_STANDARD = gnu11;
				GCC_DYNAMIC_NO_PIC = NO;
				GCC_NO_COMMON_BLOCKS = YES;
				GCC_OPTIMIZATION_LEVEL = 0;
				GCC_PREPROCESSOR_DEFINITIONS = (
					"DEBUG=1",
					"$(inherited)",
				);
				GCC_WARN_64_TO_32_BIT_CONVERSION = YES;
				GCC_WARN_ABOUT_RETURN_TYPE = YES_ERROR;
				GCC_WARN_UNDECLARED_SELECTOR = YES;
				GCC_WARN_UNINITIALIZED_AUTOS = YES_AGGRESSIVE;
				GCC_WARN_UNUSED_FUNCTION = YES;
				GCC_WARN_UNUSED_VARIABLE = YES;
				IPHONEOS_DEPLOYMENT_TARGET = 14.4;
				MTL_ENABLE_DEBUG_INFO = INCLUDE_SOURCE;
				MTL_FAST_MATH = YES;
				ONLY_ACTIVE_ARCH = YES;
				SDKROOT = iphoneos;
				SWIFT_ACTIVE_COMPILATION_CONDITIONS = DEBUG;
				SWIFT_OPTIMIZATION_LEVEL = "-Onone";
			};
			name = Debug;
		};
		1FD3C60C26393F8500B112C1 /* Release */ = {
			isa = XCBuildConfiguration;
			buildSettings = {
				ALWAYS_SEARCH_USER_PATHS = NO;
				CLANG_ANALYZER_NONNULL = YES;
				CLANG_ANALYZER_NUMBER_OBJECT_CONVERSION = YES_AGGRESSIVE;
				CLANG_CXX_LANGUAGE_STANDARD = "gnu++14";
				CLANG_CXX_LIBRARY = "libc++";
				CLANG_ENABLE_MODULES = YES;
				CLANG_ENABLE_OBJC_ARC = YES;
				CLANG_ENABLE_OBJC_WEAK = YES;
				CLANG_WARN_BLOCK_CAPTURE_AUTORELEASING = YES;
				CLANG_WARN_BOOL_CONVERSION = YES;
				CLANG_WARN_COMMA = YES;
				CLANG_WARN_CONSTANT_CONVERSION = YES;
				CLANG_WARN_DEPRECATED_OBJC_IMPLEMENTATIONS = YES;
				CLANG_WARN_DIRECT_OBJC_ISA_USAGE = YES_ERROR;
				CLANG_WARN_DOCUMENTATION_COMMENTS = YES;
				CLANG_WARN_EMPTY_BODY = YES;
				CLANG_WARN_ENUM_CONVERSION = YES;
				CLANG_WARN_INFINITE_RECURSION = YES;
				CLANG_WARN_INT_CONVERSION = YES;
				CLANG_WARN_NON_LITERAL_NULL_CONVERSION = YES;
				CLANG_WARN_OBJC_IMPLICIT_RETAIN_SELF = YES;
				CLANG_WARN_OBJC_LITERAL_CONVERSION = YES;
				CLANG_WARN_OBJC_ROOT_CLASS = YES_ERROR;
				CLANG_WARN_QUOTED_INCLUDE_IN_FRAMEWORK_HEADER = YES;
				CLANG_WARN_RANGE_LOOP_ANALYSIS = YES;
				CLANG_WARN_STRICT_PROTOTYPES = YES;
				CLANG_WARN_SUSPICIOUS_MOVE = YES;
				CLANG_WARN_UNGUARDED_AVAILABILITY = YES_AGGRESSIVE;
				CLANG_WARN_UNREACHABLE_CODE = YES;
				CLANG_WARN__DUPLICATE_METHOD_MATCH = YES;
				COPY_PHASE_STRIP = NO;
				DEBUG_INFORMATION_FORMAT = "dwarf-with-dsym";
				ENABLE_NS_ASSERTIONS = NO;
				ENABLE_STRICT_OBJC_MSGSEND = YES;
				GCC_C_LANGUAGE_STANDARD = gnu11;
				GCC_NO_COMMON_BLOCKS = YES;
				GCC_WARN_64_TO_32_BIT_CONVERSION = YES;
				GCC_WARN_ABOUT_RETURN_TYPE = YES_ERROR;
				GCC_WARN_UNDECLARED_SELECTOR = YES;
				GCC_WARN_UNINITIALIZED_AUTOS = YES_AGGRESSIVE;
				GCC_WARN_UNUSED_FUNCTION = YES;
				GCC_WARN_UNUSED_VARIABLE = YES;
				IPHONEOS_DEPLOYMENT_TARGET = 14.4;
				MTL_ENABLE_DEBUG_INFO = NO;
				MTL_FAST_MATH = YES;
				SDKROOT = iphoneos;
				SWIFT_COMPILATION_MODE = wholemodule;
				SWIFT_OPTIMIZATION_LEVEL = "-O";
				VALIDATE_PRODUCT = YES;
			};
			name = Release;
		};
		1FD3C60E26393F8500B112C1 /* Debug */ = {
			isa = XCBuildConfiguration;
			buildSettings = {
				ASSETCATALOG_COMPILER_APPICON_NAME = AppIcon;
				ASSETCATALOG_COMPILER_GLOBAL_ACCENT_COLOR_NAME = AccentColor;
				CODE_SIGN_STYLE = Automatic;
				INFOPLIST_FILE = LastLesson/Info.plist;
				LD_RUNPATH_SEARCH_PATHS = (
					"$(inherited)",
					"@executable_path/Frameworks",
				);
				PRODUCT_BUNDLE_IDENTIFIER = Francesco.LastLesson;
				PRODUCT_NAME = "$(TARGET_NAME)";
				SWIFT_VERSION = 5.0;
				TARGETED_DEVICE_FAMILY = "1,2";
			};
			name = Debug;
		};
		1FD3C60F26393F8500B112C1 /* Release */ = {
			isa = XCBuildConfiguration;
			buildSettings = {
				ASSETCATALOG_COMPILER_APPICON_NAME = AppIcon;
				ASSETCATALOG_COMPILER_GLOBAL_ACCENT_COLOR_NAME = AccentColor;
				CODE_SIGN_STYLE = Automatic;
				INFOPLIST_FILE = LastLesson/Info.plist;
				LD_RUNPATH_SEARCH_PATHS = (
					"$(inherited)",
					"@executable_path/Frameworks",
				);
				PRODUCT_BUNDLE_IDENTIFIER = Francesco.LastLesson;
				PRODUCT_NAME = "$(TARGET_NAME)";
				SWIFT_VERSION = 5.0;
				TARGETED_DEVICE_FAMILY = "1,2";
			};
			name = Release;
		};
/* End XCBuildConfiguration section */

/* Begin XCConfigurationList section */
		1FD3C5F426393F8400B112C1 /* Build configuration list for PBXProject "LastLesson" */ = {
			isa = XCConfigurationList;
			buildConfigurations = (
				1FD3C60B26393F8500B112C1 /* Debug */,
				1FD3C60C26393F8500B112C1 /* Release */,
			);
			defaultConfigurationIsVisible = 0;
			defaultConfigurationName = Release;
		};
		1FD3C60D26393F8500B112C1 /* Build configuration list for PBXNativeTarget "LastLesson" */ = {
			isa = XCConfigurationList;
			buildConfigurations = (
				1FD3C60E26393F8500B112C1 /* Debug */,
				1FD3C60F26393F8500B112C1 /* Release */,
			);
			defaultConfigurationIsVisible = 0;
			defaultConfigurationName = Release;
		};
/* End XCConfigurationList section */
	};
	rootObject = 1FD3C5F126393F8400B112C1 /* Project object */;
}
